
Microsoft Visual Studio Solution File, Format Version 12.00
# Visual Studio Version 16
VisualStudioVersion = 16.0.29209.62
MinimumVisualStudioVersion = 10.0.40219.1
Project("{FAE04EC0-301F-11D3-BF4B-00C04F79EFBC}") = "Phasmophobia", "Phasmophobia\Phasmophobia.csproj", "{469539F4-7FE9-4167-A733-A549DB416CEB}"
EndProject
Global
	GlobalSection(SolutionConfigurationPlatforms) = preSolution
		Debug|Any CPU = Debug|Any CPU
		Release|Any CPU = Release|Any CPU
	EndGlobalSection
	GlobalSection(ProjectConfigurationPlatforms) = postSolution
		{469539F4-7FE9-4167-A733-A549DB416CEB}.Debug|Any CPU.ActiveCfg = Debug|Any CPU
		{469539F4-7FE9-4167-A733-A549DB416CEB}.Debug|Any CPU.Build.0 = Debug|Any CPU
		{469539F4-7FE9-4167-A733-A549DB416CEB}.Release|Any CPU.ActiveCfg = Release|Any CPU
		{469539F4-7FE9-4167-A733-A549DB416CEB}.Release|Any CPU.Build.0 = Release|Any CPU
	EndGlobalSection
	GlobalSection(SolutionProperties) = preSolution
		HideSolutionNode = FALSE
	EndGlobalSection
	GlobalSection(ExtensibilityGlobals) = postSolution
		SolutionGuid = {355C8B14-1D6E-4C1D-80D6-C80F414948F9}
	EndGlobalSection
EndGlobal
